
Microsoft Visual Studio Solution File, Format Version 12.00
# Visual Studio Version 16
VisualStudioVersion = 16.0.29509.3
MinimumVisualStudioVersion = 10.0.40219.1
Project("{9A19103F-16F7-4668-BE54-9A1E7A4F7556}") = "UdpClient", "UdpClient\UdpClient.csproj", "{838D1F04-3729-4A72-BC10-4FC309950E22}"
EndProject
Project("{9A19103F-16F7-4668-BE54-9A1E7A4F7556}") = "UdpServer", "UdpServer\UdpServer.csproj", "{D078BCA3-F4C1-4734-A790-930891F1B8B9}"
EndProject
Project("{FAE04EC0-301F-11D3-BF4B-00C04F79EFBC}") = "TcpServer", "TcpServer\TcpServer.csproj", "{DDC8D106-A4D8-43F7-BC50-A02EAEEB53A3}"
EndProject
Project("{FAE04EC0-301F-11D3-BF4B-00C04F79EFBC}") = "TcpClient", "TcpClient\TcpClient.csproj", "{55666FC4-4E70-47E1-BC38-0CFC7564876E}"
EndProject
Global
	GlobalSection(SolutionConfigurationPlatforms) = preSolution
		Debug|Any CPU = Debug|Any CPU
		Release|Any CPU = Release|Any CPU
	EndGlobalSection
	GlobalSection(ProjectConfigurationPlatforms) = postSolution
		{838D1F04-3729-4A72-BC10-4FC309950E22}.Debug|Any CPU.ActiveCfg = Debug|Any CPU
		{838D1F04-3729-4A72-BC10-4FC309950E22}.Debug|Any CPU.Build.0 = Debug|Any CPU
		{838D1F04-3729-4A72-BC10-4FC309950E22}.Release|Any CPU.ActiveCfg = Release|Any CPU
		{838D1F04-3729-4A72-BC10-4FC309950E22}.Release|Any CPU.Build.0 = Release|Any CPU
		{D078BCA3-F4C1-4734-A790-930891F1B8B9}.Debug|Any CPU.ActiveCfg = Debug|Any CPU
		{D078BCA3-F4C1-4734-A790-930891F1B8B9}.Debug|Any CPU.Build.0 = Debug|Any CPU
		{D078BCA3-F4C1-4734-A790-930891F1B8B9}.Release|Any CPU.ActiveCfg = Release|Any CPU
		{D078BCA3-F4C1-4734-A790-930891F1B8B9}.Release|Any CPU.Build.0 = Release|Any CPU
		{DDC8D106-A4D8-43F7-BC50-A02EAEEB53A3}.Debug|Any CPU.ActiveCfg = Debug|Any CPU
		{DDC8D106-A4D8-43F7-BC50-A02EAEEB53A3}.Debug|Any CPU.Build.0 = Debug|Any CPU
		{DDC8D106-A4D8-43F7-BC50-A02EAEEB53A3}.Release|Any CPU.ActiveCfg = Release|Any CPU
		{DDC8D106-A4D8-43F7-BC50-A02EAEEB53A3}.Release|Any CPU.Build.0 = Release|Any CPU
		{55666FC4-4E70-47E1-BC38-0CFC7564876E}.Debug|Any CPU.ActiveCfg = Debug|Any CPU
		{55666FC4-4E70-47E1-BC38-0CFC7564876E}.Debug|Any CPU.Build.0 = Debug|Any CPU
		{55666FC4-4E70-47E1-BC38-0CFC7564876E}.Release|Any CPU.ActiveCfg = Release|Any CPU
		{55666FC4-4E70-47E1-BC38-0CFC7564876E}.Release|Any CPU.Build.0 = Release|Any CPU
	EndGlobalSection
	GlobalSection(SolutionProperties) = preSolution
		HideSolutionNode = FALSE
	EndGlobalSection
	GlobalSection(ExtensibilityGlobals) = postSolution
		SolutionGuid = {4EBF3A7E-72AE-42DC-9536-E338010182F8}
	EndGlobalSection
EndGlobal
